
Microsoft Visual Studio Solution File, Format Version 12.00
# Visual Studio 15
VisualStudioVersion = 15.0.27130.2036
MinimumVisualStudioVersion = 10.0.40219.1
Project("{FAE04EC0-301F-11D3-BF4B-00C04F79EFBC}") = "Krypto UMV", "Saving Krypto\Krypto UMV.csproj", "{CD853964-4223-400F-8267-D3A63160EAF7}"
	ProjectSection(ProjectDependencies) = postProject
		{7C8B4584-55CC-4031-84A1-75FC990E0251} = {7C8B4584-55CC-4031-84A1-75FC990E0251}
	EndProjectSection
EndProject
Project("{9A19103F-16F7-4668-BE54-9A1E7A4F7556}") = "KryptoInterfaceStand2", "KryptoInterfaceStand2\KryptoInterfaceStand2.csproj", "{7C8B4584-55CC-4031-84A1-75FC990E0251}"
EndProject
Project("{9A19103F-16F7-4668-BE54-9A1E7A4F7556}") = "Migration", "Migration\Migration.csproj", "{CBF473DA-8BF7-4011-A3CB-742DAB8E067E}"
EndProject
Project("{9A19103F-16F7-4668-BE54-9A1E7A4F7556}") = "KryptoModelStand2", "KryptoModelStand2\KryptoModelStand2.csproj", "{7DC635B2-FA14-47D7-AEF5-DA6691A546E3}"
EndProject
Project("{9A19103F-16F7-4668-BE54-9A1E7A4F7556}") = "KryptoRepositoryStand2", "KryptoRepositoryStand2\KryptoRepositoryStand2.csproj", "{BE925821-5EE0-485B-B00E-AB83A42A08F0}"
EndProject
Project("{FAE04EC0-301F-11D3-BF4B-00C04F79EFBC}") = "TestKryptoInterfaceStand2", "C:\Users\Олег\Documents\Visual Studio 2015\Projects\UnitTestProject1\UnitTestProject1\TestKryptoInterfaceStand2.csproj", "{C4390D3D-4DCE-4DDE-8C6D-A69F433BF330}"
EndProject
Project("{FAE04EC0-301F-11D3-BF4B-00C04F79EFBC}") = "KryptoWebUI", "KryptoWebUI\KryptoWebUI.csproj", "{086986C1-B15A-43EA-9FF1-128A778031D3}"
EndProject
Global
	GlobalSection(SolutionConfigurationPlatforms) = preSolution
		Debug|Any CPU = Debug|Any CPU
		Debug|ARM = Debug|ARM
		Debug|x64 = Debug|x64
		Debug|x86 = Debug|x86
		Release|Any CPU = Release|Any CPU
		Release|ARM = Release|ARM
		Release|x64 = Release|x64
		Release|x86 = Release|x86
	EndGlobalSection
	GlobalSection(ProjectConfigurationPlatforms) = postSolution
		{CD853964-4223-400F-8267-D3A63160EAF7}.Debug|Any CPU.ActiveCfg = Debug|x86
		{CD853964-4223-400F-8267-D3A63160EAF7}.Debug|ARM.ActiveCfg = Debug|ARM
		{CD853964-4223-400F-8267-D3A63160EAF7}.Debug|ARM.Build.0 = Debug|ARM
		{CD853964-4223-400F-8267-D3A63160EAF7}.Debug|ARM.Deploy.0 = Debug|ARM
		{CD853964-4223-400F-8267-D3A63160EAF7}.Debug|x64.ActiveCfg = Debug|x64
		{CD853964-4223-400F-8267-D3A63160EAF7}.Debug|x64.Build.0 = Debug|x64
		{CD853964-4223-400F-8267-D3A63160EAF7}.Debug|x64.Deploy.0 = Debug|x64
		{CD853964-4223-400F-8267-D3A63160EAF7}.Debug|x86.ActiveCfg = Debug|x86
		{CD853964-4223-400F-8267-D3A63160EAF7}.Debug|x86.Build.0 = Debug|x86
		{CD853964-4223-400F-8267-D3A63160EAF7}.Debug|x86.Deploy.0 = Debug|x86
		{CD853964-4223-400F-8267-D3A63160EAF7}.Release|Any CPU.ActiveCfg = Release|x86
		{CD853964-4223-400F-8267-D3A63160EAF7}.Release|ARM.ActiveCfg = Release|ARM
		{CD853964-4223-400F-8267-D3A63160EAF7}.Release|ARM.Build.0 = Release|ARM
		{CD853964-4223-400F-8267-D3A63160EAF7}.Release|ARM.Deploy.0 = Release|ARM
		{CD853964-4223-400F-8267-D3A63160EAF7}.Release|x64.ActiveCfg = Release|x64
		{CD853964-4223-400F-8267-D3A63160EAF7}.Release|x64.Build.0 = Release|x64
		{CD853964-4223-400F-8267-D3A63160EAF7}.Release|x64.Deploy.0 = Release|x64
		{CD853964-4223-400F-8267-D3A63160EAF7}.Release|x86.ActiveCfg = Release|x86
		{CD853964-4223-400F-8267-D3A63160EAF7}.Release|x86.Build.0 = Release|x86
		{CD853964-4223-400F-8267-D3A63160EAF7}.Release|x86.Deploy.0 = Release|x86
		{7C8B4584-55CC-4031-84A1-75FC990E0251}.Debug|Any CPU.ActiveCfg = Debug|Any CPU
		{7C8B4584-55CC-4031-84A1-75FC990E0251}.Debug|Any CPU.Build.0 = Debug|Any CPU
		{7C8B4584-55CC-4031-84A1-75FC990E0251}.Debug|ARM.ActiveCfg = Debug|Any CPU
		{7C8B4584-55CC-4031-84A1-75FC990E0251}.Debug|ARM.Build.0 = Debug|Any CPU
		{7C8B4584-55CC-4031-84A1-75FC990E0251}.Debug|x64.ActiveCfg = Debug|Any CPU
		{7C8B4584-55CC-4031-84A1-75FC990E0251}.Debug|x64.Build.0 = Debug|Any CPU
		{7C8B4584-55CC-4031-84A1-75FC990E0251}.Debug|x86.ActiveCfg = Debug|Any CPU
		{7C8B4584-55CC-4031-84A1-75FC990E0251}.Debug|x86.Build.0 = Debug|Any CPU
		{7C8B4584-55CC-4031-84A1-75FC990E0251}.Release|Any CPU.ActiveCfg = Release|Any CPU
		{7C8B4584-55CC-4031-84A1-75FC990E0251}.Release|Any CPU.Build.0 = Release|Any CPU
		{7C8B4584-55CC-4031-84A1-75FC990E0251}.Release|ARM.ActiveCfg = Release|Any CPU
		{7C8B4584-55CC-4031-84A1-75FC990E0251}.Release|ARM.Build.0 = Release|Any CPU
		{7C8B4584-55CC-4031-84A1-75FC990E0251}.Release|x64.ActiveCfg = Release|Any CPU
		{7C8B4584-55CC-4031-84A1-75FC990E0251}.Release|x64.Build.0 = Release|Any CPU
		{7C8B4584-55CC-4031-84A1-75FC990E0251}.Release|x86.ActiveCfg = Release|Any CPU
		{7C8B4584-55CC-4031-84A1-75FC990E0251}.Release|x86.Build.0 = Release|Any CPU
		{CBF473DA-8BF7-4011-A3CB-742DAB8E067E}.Debug|Any CPU.ActiveCfg = Debug|Any CPU
		{CBF473DA-8BF7-4011-A3CB-742DAB8E067E}.Debug|Any CPU.Build.0 = Debug|Any CPU
		{CBF473DA-8BF7-4011-A3CB-742DAB8E067E}.Debug|ARM.ActiveCfg = Debug|Any CPU
		{CBF473DA-8BF7-4011-A3CB-742DAB8E067E}.Debug|ARM.Build.0 = Debug|Any CPU
		{CBF473DA-8BF7-4011-A3CB-742DAB8E067E}.Debug|x64.ActiveCfg = Debug|Any CPU
		{CBF473DA-8BF7-4011-A3CB-742DAB8E067E}.Debug|x64.Build.0 = Debug|Any CPU
		{CBF473DA-8BF7-4011-A3CB-742DAB8E067E}.Debug|x86.ActiveCfg = Debug|Any CPU
		{CBF473DA-8BF7-4011-A3CB-742DAB8E067E}.Debug|x86.Build.0 = Debug|Any CPU
		{CBF473DA-8BF7-4011-A3CB-742DAB8E067E}.Release|Any CPU.ActiveCfg = Release|Any CPU
		{CBF473DA-8BF7-4011-A3CB-742DAB8E067E}.Release|Any CPU.Build.0 = Release|Any CPU
		{CBF473DA-8BF7-4011-A3CB-742DAB8E067E}.Release|ARM.ActiveCfg = Release|Any CPU
		{CBF473DA-8BF7-4011-A3CB-742DAB8E067E}.Release|ARM.Build.0 = Release|Any CPU
		{CBF473DA-8BF7-4011-A3CB-742DAB8E067E}.Release|x64.ActiveCfg = Release|Any CPU
		{CBF473DA-8BF7-4011-A3CB-742DAB8E067E}.Release|x64.Build.0 = Release|Any CPU
		{CBF473DA-8BF7-4011-A3CB-742DAB8E067E}.Release|x86.ActiveCfg = Release|Any CPU
		{CBF473DA-8BF7-4011-A3CB-742DAB8E067E}.Release|x86.Build.0 = Release|Any CPU
		{7DC635B2-FA14-47D7-AEF5-DA6691A546E3}.Debug|Any CPU.ActiveCfg = Debug|Any CPU
		{7DC635B2-FA14-47D7-AEF5-DA6691A546E3}.Debug|Any CPU.Build.0 = Debug|Any CPU
		{7DC635B2-FA14-47D7-AEF5-DA6691A546E3}.Debug|ARM.ActiveCfg = Debug|Any CPU
		{7DC635B2-FA14-47D7-AEF5-DA6691A546E3}.Debug|ARM.Build.0 = Debug|Any CPU
		{7DC635B2-FA14-47D7-AEF5-DA6691A546E3}.Debug|x64.ActiveCfg = Debug|Any CPU
		{7DC635B2-FA14-47D7-AEF5-DA6691A546E3}.Debug|x64.Build.0 = Debug|Any CPU
		{7DC635B2-FA14-47D7-AEF5-DA6691A546E3}.Debug|x86.ActiveCfg = Debug|Any CPU
		{7DC635B2-FA14-47D7-AEF5-DA6691A546E3}.Debug|x86.Build.0 = Debug|Any CPU
		{7DC635B2-FA14-47D7-AEF5-DA6691A546E3}.Release|Any CPU.ActiveCfg = Release|Any CPU
		{7DC635B2-FA14-47D7-AEF5-DA6691A546E3}.Release|Any CPU.Build.0 = Release|Any CPU
		{7DC635B2-FA14-47D7-AEF5-DA6691A546E3}.Release|ARM.ActiveCfg = Release|Any CPU
		{7DC635B2-FA14-47D7-AEF5-DA6691A546E3}.Release|ARM.Build.0 = Release|Any CPU
		{7DC635B2-FA14-47D7-AEF5-DA6691A546E3}.Release|x64.ActiveCfg = Release|Any CPU
		{7DC635B2-FA14-47D7-AEF5-DA6691A546E3}.Release|x64.Build.0 = Release|Any CPU
		{7DC635B2-FA14-47D7-AEF5-DA6691A546E3}.Release|x86.ActiveCfg = Release|Any CPU
		{7DC635B2-FA14-47D7-AEF5-DA6691A546E3}.Release|x86.Build.0 = Release|Any CPU
		{BE925821-5EE0-485B-B00E-AB83A42A08F0}.Debug|Any CPU.ActiveCfg = Debug|Any CPU
		{BE925821-5EE0-485B-B00E-AB83A42A08F0}.Debug|Any CPU.Build.0 = Debug|Any CPU
		{BE925821-5EE0-485B-B00E-AB83A42A08F0}.Debug|ARM.ActiveCfg = Debug|Any CPU
		{BE925821-5EE0-485B-B00E-AB83A42A08F0}.Debug|ARM.Build.0 = Debug|Any CPU
		{BE925821-5EE0-485B-B00E-AB83A42A08F0}.Debug|x64.ActiveCfg = Debug|Any CPU
		{BE925821-5EE0-485B-B00E-AB83A42A08F0}.Debug|x64.Build.0 = Debug|Any CPU
		{BE925821-5EE0-485B-B00E-AB83A42A08F0}.Debug|x86.ActiveCfg = Debug|Any CPU
		{BE925821-5EE0-485B-B00E-AB83A42A08F0}.Debug|x86.Build.0 = Debug|Any CPU
		{BE925821-5EE0-485B-B00E-AB83A42A08F0}.Release|Any CPU.ActiveCfg = Release|Any CPU
		{BE925821-5EE0-485B-B00E-AB83A42A08F0}.Release|Any CPU.Build.0 = Release|Any CPU
		{BE925821-5EE0-485B-B00E-AB83A42A08F0}.Release|ARM.ActiveCfg = Release|Any CPU
		{BE925821-5EE0-485B-B00E-AB83A42A08F0}.Release|ARM.Build.0 = Release|Any CPU
		{BE925821-5EE0-485B-B00E-AB83A42A08F0}.Release|x64.ActiveCfg = Release|Any CPU
		{BE925821-5EE0-485B-B00E-AB83A42A08F0}.Release|x64.Build.0 = Release|Any CPU
		{BE925821-5EE0-485B-B00E-AB83A42A08F0}.Release|x86.ActiveCfg = Release|Any CPU
		{BE925821-5EE0-485B-B00E-AB83A42A08F0}.Release|x86.Build.0 = Release|Any CPU
		{C4390D3D-4DCE-4DDE-8C6D-A69F433BF330}.Debug|Any CPU.ActiveCfg = Debug|Any CPU
		{C4390D3D-4DCE-4DDE-8C6D-A69F433BF330}.Debug|Any CPU.Build.0 = Debug|Any CPU
		{C4390D3D-4DCE-4DDE-8C6D-A69F433BF330}.Debug|ARM.ActiveCfg = Debug|Any CPU
		{C4390D3D-4DCE-4DDE-8C6D-A69F433BF330}.Debug|ARM.Build.0 = Debug|Any CPU
		{C4390D3D-4DCE-4DDE-8C6D-A69F433BF330}.Debug|x64.ActiveCfg = Debug|Any CPU
		{C4390D3D-4DCE-4DDE-8C6D-A69F433BF330}.Debug|x64.Build.0 = Debug|Any CPU
		{C4390D3D-4DCE-4DDE-8C6D-A69F433BF330}.Debug|x86.ActiveCfg = Debug|Any CPU
		{C4390D3D-4DCE-4DDE-8C6D-A69F433BF330}.Debug|x86.Build.0 = Debug|Any CPU
		{C4390D3D-4DCE-4DDE-8C6D-A69F433BF330}.Release|Any CPU.ActiveCfg = Release|Any CPU
		{C4390D3D-4DCE-4DDE-8C6D-A69F433BF330}.Release|Any CPU.Build.0 = Release|Any CPU
		{C4390D3D-4DCE-4DDE-8C6D-A69F433BF330}.Release|ARM.ActiveCfg = Release|Any CPU
		{C4390D3D-4DCE-4DDE-8C6D-A69F433BF330}.Release|ARM.Build.0 = Release|Any CPU
		{C4390D3D-4DCE-4DDE-8C6D-A69F433BF330}.Release|x64.ActiveCfg = Release|Any CPU
		{C4390D3D-4DCE-4DDE-8C6D-A69F433BF330}.Release|x64.Build.0 = Release|Any CPU
		{C4390D3D-4DCE-4DDE-8C6D-A69F433BF330}.Release|x86.ActiveCfg = Release|Any CPU
		{C4390D3D-4DCE-4DDE-8C6D-A69F433BF330}.Release|x86.Build.0 = Release|Any CPU
		{086986C1-B15A-43EA-9FF1-128A778031D3}.Debug|Any CPU.ActiveCfg = Debug|Any CPU
		{086986C1-B15A-43EA-9FF1-128A778031D3}.Debug|Any CPU.Build.0 = Debug|Any CPU
		{086986C1-B15A-43EA-9FF1-128A778031D3}.Debug|ARM.ActiveCfg = Debug|Any CPU
		{086986C1-B15A-43EA-9FF1-128A778031D3}.Debug|ARM.Build.0 = Debug|Any CPU
		{086986C1-B15A-43EA-9FF1-128A778031D3}.Debug|x64.ActiveCfg = Debug|Any CPU
		{086986C1-B15A-43EA-9FF1-128A778031D3}.Debug|x64.Build.0 = Debug|Any CPU
		{086986C1-B15A-43EA-9FF1-128A778031D3}.Debug|x86.ActiveCfg = Debug|Any CPU
		{086986C1-B15A-43EA-9FF1-128A778031D3}.Debug|x86.Build.0 = Debug|Any CPU
		{086986C1-B15A-43EA-9FF1-128A778031D3}.Release|Any CPU.ActiveCfg = Release|Any CPU
		{086986C1-B15A-43EA-9FF1-128A778031D3}.Release|Any CPU.Build.0 = Release|Any CPU
		{086986C1-B15A-43EA-9FF1-128A778031D3}.Release|ARM.ActiveCfg = Release|Any CPU
		{086986C1-B15A-43EA-9FF1-128A778031D3}.Release|ARM.Build.0 = Release|Any CPU
		{086986C1-B15A-43EA-9FF1-128A778031D3}.Release|x64.ActiveCfg = Release|Any CPU
		{086986C1-B15A-43EA-9FF1-128A778031D3}.Release|x64.Build.0 = Release|Any CPU
		{086986C1-B15A-43EA-9FF1-128A778031D3}.Release|x86.ActiveCfg = Release|Any CPU
		{086986C1-B15A-43EA-9FF1-128A778031D3}.Release|x86.Build.0 = Release|Any CPU
	EndGlobalSection
	GlobalSection(SolutionProperties) = preSolution
		HideSolutionNode = FALSE
	EndGlobalSection
	GlobalSection(ExtensibilityGlobals) = postSolution
		SolutionGuid = {E6A7D066-20B5-403C-B238-0D7462CEE849}
	EndGlobalSection
EndGlobal
